{
  "requires": true,
  "lockfileVersion": 1,
  "dependencies": {
    "fast-levenshtein": {
      "version": "2.0.6",
      "resolved": "https://registry.npmjs.org/fast-levenshtein/-/fast-levenshtein-2.0.6.tgz",
      "integrity": "sha1-PYpcZog6FqMMqGQ+hR8Zuqd5eRc="
    },
    "levenshtein-edit-distance": {
      "version": "2.0.3",
      "resolved": "https://registry.npmjs.org/levenshtein-edit-distance/-/levenshtein-edit-distance-2.0.3.tgz",
      "integrity": "sha512-m/SHpXjfKnArO8E9/o5Fd5+N4TLHU/72+zk4s7OpowBGmZK5MqAsuQ0xuYDftIyXyfqU99dmeMfpujWxo8FIJg=="
    }
  }
}
